{
  "object": {
    "pins": [
      {
        "package": "API",
        "repositoryURL": "https://github.com/vmanot/API.git",
        "state": {
          "branch": "master",
          "revision": "66384c8384d3209a37e30f6990c469f15f92ca76",
          "version": null
        }
      },
      {
        "package": "Compute",
        "repositoryURL": "https://github.com/vmanot/Compute.git",
        "state": {
          "branch": "master",
          "revision": "93ecb871ce1f743a9a0befd5ef663bb42d39cb65",
          "version": null
        }
      },
      {
        "package": "CorePersistence",
        "repositoryURL": "https://github.com/vmanot/CorePersistence.git",
        "state": {
          "branch": "main",
          "revision": "d38e882f9450ac55514df644b1b9218c022e6070",
          "version": null
        }
      },
      {
        "package": "Data",
        "repositoryURL": "https://github.com/vmanot/Data.git",
        "state": {
          "branch": "master",
          "revision": "5ba9f0ba24df762c149589aae4053316c44c968f",
          "version": null
        }
      },
      {
        "package": "Diagnostics",
        "repositoryURL": "https://github.com/vmanot/Diagnostics.git",
        "state": {
          "branch": "master",
          "revision": "8ff912a10a8d7880fbdbd588aaa17b289f424f5a",
          "version": null
        }
      },
      {
        "package": "FoundationX",
        "repositoryURL": "https://github.com/vmanot/FoundationX.git",
        "state": {
          "branch": "master",
          "revision": "2437158a9052a175dc106d17c032e9ac3f580d34",
          "version": null
        }
      },
      {
        "package": "Merge",
        "repositoryURL": "https://github.com/vmanot/Merge.git",
        "state": {
          "branch": "master",
          "revision": "61dcebdf91be00cec2bee54cd2f46e61952f8ee8",
          "version": null
        }
      },
      {
        "package": "NetworkKit",
        "repositoryURL": "https://github.com/vmanot/NetworkKit.git",
        "state": {
          "branch": "master",
          "revision": "f1fa6481b91e13fed3ab92444b43aaef3f8c9001",
          "version": null
        }
      },
      {
        "package": "Runtime",
        "repositoryURL": "https://github.com/vmanot/Runtime.git",
        "state": {
          "branch": "master",
          "revision": "5f3248839639c7ac9e7607d832f78bf2a2816235",
          "version": null
        }
      },
      {
        "package": "Swallow",
        "repositoryURL": "https://github.com/vmanot/Swallow.git",
        "state": {
          "branch": "master",
          "revision": "6cf9eb1dfd27b50bd5654505ed5d3583168b5b99",
          "version": null
        }
      },
      {
        "package": "swift-async-algorithms",
        "repositoryURL": "https://github.com/apple/swift-async-algorithms",
        "state": {
          "branch": "main",
          "revision": "e6b21d2a6d6cf8c886a97fba489563fd885937d4",
          "version": null
        }
      },
      {
        "package": "swift-collections",
        "repositoryURL": "https://github.com/apple/swift-collections",
        "state": {
          "branch": "main",
          "revision": "939cfd25234472b4dc91c3caeab304d15bca9a73",
          "version": null
        }
      },
      {
        "package": "SwiftUIX",
        "repositoryURL": "https://github.com/SwiftUIX/SwiftUIX.git",
        "state": {
          "branch": "master",
          "revision": "1452dbf539e016b308fe511a78aa1e47b49ec18a",
          "version": null
        }
      }
    ]
  },
  "version": 1
}
